
Microsoft Visual Studio Solution File, Format Version 12.00
# Visual Studio Version 16
VisualStudioVersion = 16.0.810.10
MinimumVisualStudioVersion = 10.0.40219.1
Project("{FAE04EC0-301F-11D3-BF4B-00C04F79EFBC}") = "Q01_ErrorHandling", "Q01_ErrorHandling.csproj", "{63B2A3D0-F02E-4DAE-A58B-644924A36B2C}"
EndProject
Global
	GlobalSection(SolutionConfigurationPlatforms) = preSolution
		Debug|Any CPU = Debug|Any CPU
		Release|Any CPU = Release|Any CPU
	EndGlobalSection
	GlobalSection(ProjectConfigurationPlatforms) = postSolution
		{63B2A3D0-F02E-4DAE-A58B-644924A36B2C}.Debug|Any CPU.ActiveCfg = Debug|Any CPU
		{63B2A3D0-F02E-4DAE-A58B-644924A36B2C}.Debug|Any CPU.Build.0 = Debug|Any CPU
		{63B2A3D0-F02E-4DAE-A58B-644924A36B2C}.Release|Any CPU.ActiveCfg = Release|Any CPU
		{63B2A3D0-F02E-4DAE-A58B-644924A36B2C}.Release|Any CPU.Build.0 = Release|Any CPU
	EndGlobalSection
	GlobalSection(SolutionProperties) = preSolution
		HideSolutionNode = FALSE
	EndGlobalSection
	GlobalSection(ExtensibilityGlobals) = postSolution
		SolutionGuid = {BFFB2228-C522-4FE3-B944-578546681028}
	EndGlobalSection
EndGlobal
