
Microsoft Visual Studio Solution File, Format Version 12.00
# Visual Studio 2013
VisualStudioVersion = 12.0.40629.0
MinimumVisualStudioVersion = 10.0.40219.1
Project("{FAE04EC0-301F-11D3-BF4B-00C04F79EFBC}") = "WCF2WS", "WCF2WS\WCF2WS.csproj", "{27B15BA3-24A4-4A8A-8CD1-2B542106691E}"
EndProject
Global
	GlobalSection(TeamFoundationVersionControl) = preSolution
		SccNumberOfProjects = 2
		SccEnterpriseProvider = {4CA58AB2-18FA-4F8D-95D4-32DDF27D184C}
		SccTeamFoundationServer = http://jhbh-srv-msp01:8080/tfs/bidvestbankdefault
		SccLocalPath0 = .
		SccProjectUniqueName1 = WCF2WS\\WCF2WS.csproj
		SccProjectName1 = WCF2WS
		SccLocalPath1 = WCF2WS
	EndGlobalSection
	GlobalSection(SolutionConfigurationPlatforms) = preSolution
		Debug|Any CPU = Debug|Any CPU
		Release|Any CPU = Release|Any CPU
	EndGlobalSection
	GlobalSection(ProjectConfigurationPlatforms) = postSolution
		{27B15BA3-24A4-4A8A-8CD1-2B542106691E}.Debug|Any CPU.ActiveCfg = Debug|Any CPU
		{27B15BA3-24A4-4A8A-8CD1-2B542106691E}.Debug|Any CPU.Build.0 = Debug|Any CPU
		{27B15BA3-24A4-4A8A-8CD1-2B542106691E}.Release|Any CPU.ActiveCfg = Release|Any CPU
		{27B15BA3-24A4-4A8A-8CD1-2B542106691E}.Release|Any CPU.Build.0 = Release|Any CPU
	EndGlobalSection
	GlobalSection(SolutionProperties) = preSolution
		HideSolutionNode = FALSE
	EndGlobalSection
EndGlobal
